// !$*UTF8*$!
{
	archiveVersion = 1;
	classes = {
	};
	objectVersion = 77;
	objects = {

/* Begin PBXBuildFile section */
		3E9054F337ABDD6A7360661D /* SetCatcherCompanionApp.swift in Sources */ = {isa = PBXBuildFile; fileRef = 1B6A37202D07E272F089127C /* SetCatcherCompanionApp.swift */; };
		40B7879EF3325D6ECB78B001 /* ShareViewController.swift in Sources */ = {isa = PBXBuildFile; fileRef = 627B0818AC4003E57E7EDAF9 /* ShareViewController.swift */; };
		6598ECCD87FD44EF8D071534 /* SetCatcherCompanion in Frameworks */ = {isa = PBXBuildFile; productRef = 29C6DC329BCEF6EC3F5D9E33 /* SetCatcherCompanion */; };
		8134819A41639CFE10FFC6D7 /* SetCatcherCompanion in Frameworks */ = {isa = PBXBuildFile; productRef = 8A965369A429094CB1EAF941 /* SetCatcherCompanion */; };
		9517C7B0F547F91085A1211A /* SetCatcherShareExtension.appex in Embed Foundation Extensions */ = {isa = PBXBuildFile; fileRef = 8A1C9E1CAC02B53A13E4178B /* SetCatcherShareExtension.appex */; settings = {ATTRIBUTES = (RemoveHeadersOnCopy, ); }; };
		97A6ACB7026CF1C80E8C7D2C /* SetCatcherCore in Frameworks */ = {isa = PBXBuildFile; productRef = 57F1CE4FBAE86586494EBA84 /* SetCatcherCore */; };
		9FEE4ECBE15C1A8BAFBCEE5F /* SetCatcherCore in Frameworks */ = {isa = PBXBuildFile; productRef = F2811B90CC62C9A565962472 /* SetCatcherCore */; };
/* End PBXBuildFile section */

/* Begin PBXContainerItemProxy section */
		374AB7D2E4DA31A906907148 /* PBXContainerItemProxy */ = {
			isa = PBXContainerItemProxy;
			containerPortal = DD2C3F1018F62D48A2460ACE /* Project object */;
			proxyType = 1;
			remoteGlobalIDString = 3FE1469E8342BBD42F9ECD15;
			remoteInfo = SetCatcherShareExtension;
		};
/* End PBXContainerItemProxy section */

/* Begin PBXCopyFilesBuildPhase section */
		DC0FDF6B9FFF738F3F08B7CB /* Embed Foundation Extensions */ = {
			isa = PBXCopyFilesBuildPhase;
			buildActionMask = 2147483647;
			dstPath = "";
			dstSubfolderSpec = 13;
			files = (
				9517C7B0F547F91085A1211A /* SetCatcherShareExtension.appex in Embed Foundation Extensions */,
			);
			name = "Embed Foundation Extensions";
			runOnlyForDeploymentPostprocessing = 0;
		};
/* End PBXCopyFilesBuildPhase section */

/* Begin PBXFileReference section */
		1B6A37202D07E272F089127C /* SetCatcherCompanionApp.swift */ = {isa = PBXFileReference; lastKnownFileType = sourcecode.swift; path = SetCatcherCompanionApp.swift; sourceTree = "<group>"; };
		5F2D607DE7F6991197AD6253 /* Info.plist */ = {isa = PBXFileReference; lastKnownFileType = text.plist; path = Info.plist; sourceTree = "<group>"; };
		627B0818AC4003E57E7EDAF9 /* ShareViewController.swift */ = {isa = PBXFileReference; lastKnownFileType = sourcecode.swift; path = ShareViewController.swift; sourceTree = "<group>"; };
		8A1C9E1CAC02B53A13E4178B /* SetCatcherShareExtension.appex */ = {isa = PBXFileReference; explicitFileType = "wrapper.app-extension"; includeInIndex = 0; path = SetCatcherShareExtension.appex; sourceTree = BUILT_PRODUCTS_DIR; };
		B3ED537E6898B07F8B474113 /* SetCatcher */ = {isa = PBXFileReference; lastKnownFileType = folder; name = SetCatcher; path = .; sourceTree = SOURCE_ROOT; };
		B564A11D168AD897544A0244 /* SetCatcher.app */ = {isa = PBXFileReference; explicitFileType = wrapper.application; includeInIndex = 0; path = SetCatcher.app; sourceTree = BUILT_PRODUCTS_DIR; };
/* End PBXFileReference section */

/* Begin PBXFrameworksBuildPhase section */
		CFB91ABF8B795E9834D9D335 /* Frameworks */ = {
			isa = PBXFrameworksBuildPhase;
			buildActionMask = 2147483647;
			files = (
				6598ECCD87FD44EF8D071534 /* SetCatcherCompanion in Frameworks */,
				97A6ACB7026CF1C80E8C7D2C /* SetCatcherCore in Frameworks */,
			);
			runOnlyForDeploymentPostprocessing = 0;
		};
		E9E03C21D8A3E6F610654187 /* Frameworks */ = {
			isa = PBXFrameworksBuildPhase;
			buildActionMask = 2147483647;
			files = (
				8134819A41639CFE10FFC6D7 /* SetCatcherCompanion in Frameworks */,
				9FEE4ECBE15C1A8BAFBCEE5F /* SetCatcherCore in Frameworks */,
			);
			runOnlyForDeploymentPostprocessing = 0;
		};
/* End PBXFrameworksBuildPhase section */

/* Begin PBXGroup section */
		290BE1BADF2F933BCBB07D6C /* Products */ = {
			isa = PBXGroup;
			children = (
				B564A11D168AD897544A0244 /* SetCatcher.app */,
				8A1C9E1CAC02B53A13E4178B /* SetCatcherShareExtension.appex */,
			);
			name = Products;
			sourceTree = "<group>";
		};
		4C710874FA26534E70D043F5 /* Apps */ = {
			isa = PBXGroup;
			children = (
				C5274885EAAE6D939C2ACB15 /* SetCatcherCompanion */,
				AB755E69DE7E11A49EA95B90 /* SetCatcherShareExtension */,
			);
			path = Apps;
			sourceTree = "<group>";
		};
		AB755E69DE7E11A49EA95B90 /* SetCatcherShareExtension */ = {
			isa = PBXGroup;
			children = (
				627B0818AC4003E57E7EDAF9 /* ShareViewController.swift */,
			);
			path = SetCatcherShareExtension;
			sourceTree = "<group>";
		};
		AC54EE0E9F43A0B88EF7F032 = {
			isa = PBXGroup;
			children = (
				4C710874FA26534E70D043F5 /* Apps */,
				B189198E990BF45FEE821C6B /* Packages */,
				290BE1BADF2F933BCBB07D6C /* Products */,
			);
			sourceTree = "<group>";
		};
		B189198E990BF45FEE821C6B /* Packages */ = {
			isa = PBXGroup;
			children = (
				B3ED537E6898B07F8B474113 /* SetCatcher */,
			);
			name = Packages;
			sourceTree = "<group>";
		};
		C5274885EAAE6D939C2ACB15 /* SetCatcherCompanion */ = {
			isa = PBXGroup;
			children = (
				1B6A37202D07E272F089127C /* SetCatcherCompanionApp.swift */,
				5F2D607DE7F6991197AD6253 /* Info.plist */,
			);
			path = SetCatcherCompanion;
			sourceTree = "<group>";
		};
/* End PBXGroup section */

/* Begin PBXNativeTarget section */
		105F44336319A25E9EEA565F /* SetCatcheriPad */ = {
			isa = PBXNativeTarget;
			buildConfigurationList = C5D755BD657520DE8E6A3311 /* Build configuration list for PBXNativeTarget "SetCatcheriPad" */;
			buildPhases = (
				F2F4A42DD47C5BAF8BC9D304 /* Sources */,
				CFB91ABF8B795E9834D9D335 /* Frameworks */,
				DC0FDF6B9FFF738F3F08B7CB /* Embed Foundation Extensions */,
			);
			buildRules = (
			);
			dependencies = (
				2437DA0C802BEF681E328252 /* PBXTargetDependency */,
			);
			name = SetCatcheriPad;
			packageProductDependencies = (
				29C6DC329BCEF6EC3F5D9E33 /* SetCatcherCompanion */,
				57F1CE4FBAE86586494EBA84 /* SetCatcherCore */,
			);
			productName = SetCatcheriPad;
			productReference = B564A11D168AD897544A0244 /* SetCatcher.app */;
			productType = "com.apple.product-type.application";
		};
		3FE1469E8342BBD42F9ECD15 /* SetCatcherShareExtension */ = {
			isa = PBXNativeTarget;
			buildConfigurationList = 6C23EB2363397328D36900A9 /* Build configuration list for PBXNativeTarget "SetCatcherShareExtension" */;
			buildPhases = (
				F16F091AA2C045B3ABA1F6A9 /* Sources */,
				E9E03C21D8A3E6F610654187 /* Frameworks */,
			);
			buildRules = (
			);
			dependencies = (
			);
			name = SetCatcherShareExtension;
			packageProductDependencies = (
				8A965369A429094CB1EAF941 /* SetCatcherCompanion */,
				F2811B90CC62C9A565962472 /* SetCatcherCore */,
			);
			productName = SetCatcherShareExtension;
			productReference = 8A1C9E1CAC02B53A13E4178B /* SetCatcherShareExtension.appex */;
			productType = "com.apple.product-type.app-extension";
		};
/* End PBXNativeTarget section */

/* Begin PBXProject section */
		DD2C3F1018F62D48A2460ACE /* Project object */ = {
			isa = PBXProject;
			attributes = {
				BuildIndependentTargetsInParallel = YES;
				LastUpgradeCheck = 1430;
			};
			buildConfigurationList = 43D85D944D56A226334B3C23 /* Build configuration list for PBXProject "SetCatcher" */;
			developmentRegion = en;
			hasScannedForEncodings = 0;
			knownRegions = (
				Base,
				en,
			);
			mainGroup = AC54EE0E9F43A0B88EF7F032;
			minimizedProjectReferenceProxies = 1;
			packageReferences = (
				E5A924BE657B86BB0FA87E1E /* XCLocalSwiftPackageReference "." */,
			);
			preferredProjectObjectVersion = 77;
			productRefGroup = 290BE1BADF2F933BCBB07D6C /* Products */;
			projectDirPath = "";
			projectRoot = "";
			targets = (
				105F44336319A25E9EEA565F /* SetCatcheriPad */,
				3FE1469E8342BBD42F9ECD15 /* SetCatcherShareExtension */,
			);
		};
/* End PBXProject section */

/* Begin PBXSourcesBuildPhase section */
		F16F091AA2C045B3ABA1F6A9 /* Sources */ = {
			isa = PBXSourcesBuildPhase;
			buildActionMask = 2147483647;
			files = (
				40B7879EF3325D6ECB78B001 /* ShareViewController.swift in Sources */,
			);
			runOnlyForDeploymentPostprocessing = 0;
		};
		F2F4A42DD47C5BAF8BC9D304 /* Sources */ = {
			isa = PBXSourcesBuildPhase;
			buildActionMask = 2147483647;
			files = (
				3E9054F337ABDD6A7360661D /* SetCatcherCompanionApp.swift in Sources */,
			);
			runOnlyForDeploymentPostprocessing = 0;
		};
/* End PBXSourcesBuildPhase section */

/* Begin PBXTargetDependency section */
		2437DA0C802BEF681E328252 /* PBXTargetDependency */ = {
			isa = PBXTargetDependency;
			target = 3FE1469E8342BBD42F9ECD15 /* SetCatcherShareExtension */;
			targetProxy = 374AB7D2E4DA31A906907148 /* PBXContainerItemProxy */;
		};
/* End PBXTargetDependency section */

/* Begin XCBuildConfiguration section */
		38446A1A0D5630B41B79EAD1 /* Release */ = {
			isa = XCBuildConfiguration;
			buildSettings = {
				CODE_SIGN_ENTITLEMENTS = Apps/SetCatcherShareExtension/SetCatcherShareExtension.entitlements;
				DEVELOPMENT_TEAM = 3JYK7Q92SF;
				INFOPLIST_FILE = Apps/SetCatcherShareExtension/Info.plist;
				LD_RUNPATH_SEARCH_PATHS = (
					"$(inherited)",
					"@executable_path/Frameworks",
					"@executable_path/../../Frameworks",
				);
				PRODUCT_BUNDLE_IDENTIFIER = app.setcatcher.SetCatcher.iPad.ShareExtension;
				PRODUCT_NAME = SetCatcherShareExtension;
				SDKROOT = iphoneos;
				TARGETED_DEVICE_FAMILY = "1,2";
			};
			name = Release;
		};
		99E58B9C147382AE3FE39E89 /* Debug */ = {
			isa = XCBuildConfiguration;
			buildSettings = {
				CODE_SIGN_ENTITLEMENTS = Apps/SetCatcherShareExtension/SetCatcherShareExtension.entitlements;
				DEVELOPMENT_TEAM = 3JYK7Q92SF;
				INFOPLIST_FILE = Apps/SetCatcherShareExtension/Info.plist;
				LD_RUNPATH_SEARCH_PATHS = (
					"$(inherited)",
					"@executable_path/Frameworks",
					"@executable_path/../../Frameworks",
				);
				PRODUCT_BUNDLE_IDENTIFIER = app.setcatcher.SetCatcher.iPad.ShareExtension;
				PRODUCT_NAME = SetCatcherShareExtension;
				SDKROOT = iphoneos;
				TARGETED_DEVICE_FAMILY = "1,2";
			};
			name = Debug;
		};
		A7A74E73FAA6DE8093A14890 /* Debug */ = {
			isa = XCBuildConfiguration;
			buildSettings = {
				ALWAYS_SEARCH_USER_PATHS = NO;
				CLANG_ANALYZER_NONNULL = YES;
				CLANG_ANALYZER_NUMBER_OBJECT_CONVERSION = YES_AGGRESSIVE;
				CLANG_CXX_LANGUAGE_STANDARD = "gnu++14";
				CLANG_CXX_LIBRARY = "libc++";
				CLANG_ENABLE_MODULES = YES;
				CLANG_ENABLE_OBJC_ARC = YES;
				CLANG_ENABLE_OBJC_WEAK = YES;
				CLANG_WARN_BLOCK_CAPTURE_AUTORELEASING = YES;
				CLANG_WARN_BOOL_CONVERSION = YES;
				CLANG_WARN_COMMA = YES;
				CLANG_WARN_CONSTANT_CONVERSION = YES;
				CLANG_WARN_DEPRECATED_OBJC_IMPLEMENTATIONS = YES;
				CLANG_WARN_DIRECT_OBJC_ISA_USAGE = YES_ERROR;
				CLANG_WARN_DOCUMENTATION_COMMENTS = YES;
				CLANG_WARN_EMPTY_BODY = YES;
				CLANG_WARN_ENUM_CONVERSION = YES;
				CLANG_WARN_INFINITE_RECURSION = YES;
				CLANG_WARN_INT_CONVERSION = YES;
				CLANG_WARN_NON_LITERAL_NULL_CONVERSION = YES;
				CLANG_WARN_OBJC_IMPLICIT_RETAIN_SELF = YES;
				CLANG_WARN_OBJC_LITERAL_CONVERSION = YES;
				CLANG_WARN_OBJC_ROOT_CLASS = YES_ERROR;
				CLANG_WARN_QUOTED_INCLUDE_IN_FRAMEWORK_HEADER = YES;
				CLANG_WARN_RANGE_LOOP_ANALYSIS = YES;
				CLANG_WARN_STRICT_PROTOTYPES = YES;
				CLANG_WARN_SUSPICIOUS_MOVE = YES;
				CLANG_WARN_UNGUARDED_AVAILABILITY = YES_AGGRESSIVE;
				CLANG_WARN_UNREACHABLE_CODE = YES;
				CLANG_WARN__DUPLICATE_METHOD_MATCH = YES;
				COPY_PHASE_STRIP = NO;
				DEBUG_INFORMATION_FORMAT = dwarf;
				ENABLE_STRICT_OBJC_MSGSEND = YES;
				ENABLE_TESTABILITY = YES;
				GCC_C_LANGUAGE_STANDARD = gnu11;
				GCC_DYNAMIC_NO_PIC = NO;
				GCC_NO_COMMON_BLOCKS = YES;
				GCC_OPTIMIZATION_LEVEL = 0;
				GCC_PREPROCESSOR_DEFINITIONS = (
					"$(inherited)",
					"DEBUG=1",
				);
				GCC_WARN_64_TO_32_BIT_CONVERSION = YES;
				GCC_WARN_ABOUT_RETURN_TYPE = YES_ERROR;
				GCC_WARN_UNDECLARED_SELECTOR = YES;
				GCC_WARN_UNINITIALIZED_AUTOS = YES_AGGRESSIVE;
				GCC_WARN_UNUSED_FUNCTION = YES;
				GCC_WARN_UNUSED_VARIABLE = YES;
				IPHONEOS_DEPLOYMENT_TARGET = 17.0;
				MACOSX_DEPLOYMENT_TARGET = 14.0;
				MTL_ENABLE_DEBUG_INFO = INCLUDE_SOURCE;
				MTL_FAST_MATH = YES;
				ONLY_ACTIVE_ARCH = YES;
				PRODUCT_NAME = "$(TARGET_NAME)";
				SDKROOT = iphoneos;
				SWIFT_ACTIVE_COMPILATION_CONDITIONS = DEBUG;
				SWIFT_OPTIMIZATION_LEVEL = "-Onone";
				SWIFT_VERSION = 5.10;
			};
			name = Debug;
		};
		CA40121858841A6892650215 /* Release */ = {
			isa = XCBuildConfiguration;
			buildSettings = {
				ALWAYS_SEARCH_USER_PATHS = NO;
				CLANG_ANALYZER_NONNULL = YES;
				CLANG_ANALYZER_NUMBER_OBJECT_CONVERSION = YES_AGGRESSIVE;
				CLANG_CXX_LANGUAGE_STANDARD = "gnu++14";
				CLANG_CXX_LIBRARY = "libc++";
				CLANG_ENABLE_MODULES = YES;
				CLANG_ENABLE_OBJC_ARC = YES;
				CLANG_ENABLE_OBJC_WEAK = YES;
				CLANG_WARN_BLOCK_CAPTURE_AUTORELEASING = YES;
				CLANG_WARN_BOOL_CONVERSION = YES;
				CLANG_WARN_COMMA = YES;
				CLANG_WARN_CONSTANT_CONVERSION = YES;
				CLANG_WARN_DEPRECATED_OBJC_IMPLEMENTATIONS = YES;
				CLANG_WARN_DIRECT_OBJC_ISA_USAGE = YES_ERROR;
				CLANG_WARN_DOCUMENTATION_COMMENTS = YES;
				CLANG_WARN_EMPTY_BODY = YES;
				CLANG_WARN_ENUM_CONVERSION = YES;
				CLANG_WARN_INFINITE_RECURSION = YES;
				CLANG_WARN_INT_CONVERSION = YES;
				CLANG_WARN_NON_LITERAL_NULL_CONVERSION = YES;
				CLANG_WARN_OBJC_IMPLICIT_RETAIN_SELF = YES;
				CLANG_WARN_OBJC_LITERAL_CONVERSION = YES;
				CLANG_WARN_OBJC_ROOT_CLASS = YES_ERROR;
				CLANG_WARN_QUOTED_INCLUDE_IN_FRAMEWORK_HEADER = YES;
				CLANG_WARN_RANGE_LOOP_ANALYSIS = YES;
				CLANG_WARN_STRICT_PROTOTYPES = YES;
				CLANG_WARN_SUSPICIOUS_MOVE = YES;
				CLANG_WARN_UNGUARDED_AVAILABILITY = YES_AGGRESSIVE;
				CLANG_WARN_UNREACHABLE_CODE = YES;
				CLANG_WARN__DUPLICATE_METHOD_MATCH = YES;
				COPY_PHASE_STRIP = NO;
				DEBUG_INFORMATION_FORMAT = "dwarf-with-dsym";
				ENABLE_NS_ASSERTIONS = NO;
				ENABLE_STRICT_OBJC_MSGSEND = YES;
				GCC_C_LANGUAGE_STANDARD = gnu11;
				GCC_NO_COMMON_BLOCKS = YES;
				GCC_WARN_64_TO_32_BIT_CONVERSION = YES;
				GCC_WARN_ABOUT_RETURN_TYPE = YES_ERROR;
				GCC_WARN_UNDECLARED_SELECTOR = YES;
				GCC_WARN_UNINITIALIZED_AUTOS = YES_AGGRESSIVE;
				GCC_WARN_UNUSED_FUNCTION = YES;
				GCC_WARN_UNUSED_VARIABLE = YES;
				IPHONEOS_DEPLOYMENT_TARGET = 17.0;
				MACOSX_DEPLOYMENT_TARGET = 14.0;
				MTL_ENABLE_DEBUG_INFO = NO;
				MTL_FAST_MATH = YES;
				PRODUCT_NAME = "$(TARGET_NAME)";
				SDKROOT = iphoneos;
				SWIFT_COMPILATION_MODE = wholemodule;
				SWIFT_OPTIMIZATION_LEVEL = "-O";
				SWIFT_VERSION = 5.10;
			};
			name = Release;
		};
		E0E7E7CEAA18B4ED16C4609A /* Debug */ = {
			isa = XCBuildConfiguration;
			buildSettings = {
				ASSETCATALOG_COMPILER_APPICON_NAME = AppIcon;
				CODE_SIGN_ENTITLEMENTS = Apps/SetCatcherCompanion/SetCatcherCompanion.entitlements;
				CODE_SIGN_IDENTITY = "iPhone Developer";
				DEVELOPMENT_TEAM = 3JYK7Q92SF;
				INFOPLIST_FILE = Apps/SetCatcherCompanion/Info.plist;
				INFOPLIST_KEY_LSApplicationCategoryType = "public.app-category.music";
				LD_RUNPATH_SEARCH_PATHS = (
					"$(inherited)",
					"@executable_path/Frameworks",
				);
				PRODUCT_BUNDLE_IDENTIFIER = app.setcatcher.SetCatcher.iPad;
				PRODUCT_NAME = SetCatcher;
				SDKROOT = iphoneos;
				SUPPORTS_MAC_DESIGNED_FOR_IPHONE_IPAD = NO;
				TARGETED_DEVICE_FAMILY = "1,2";
			};
			name = Debug;
		};
		EC731CA2EB079DE380121B91 /* Release */ = {
			isa = XCBuildConfiguration;
			buildSettings = {
				ASSETCATALOG_COMPILER_APPICON_NAME = AppIcon;
				CODE_SIGN_ENTITLEMENTS = Apps/SetCatcherCompanion/SetCatcherCompanion.entitlements;
				CODE_SIGN_IDENTITY = "iPhone Developer";
				DEVELOPMENT_TEAM = 3JYK7Q92SF;
				INFOPLIST_FILE = Apps/SetCatcherCompanion/Info.plist;
				INFOPLIST_KEY_LSApplicationCategoryType = "public.app-category.music";
				LD_RUNPATH_SEARCH_PATHS = (
					"$(inherited)",
					"@executable_path/Frameworks",
				);
				PRODUCT_BUNDLE_IDENTIFIER = app.setcatcher.SetCatcher.iPad;
				PRODUCT_NAME = SetCatcher;
				SDKROOT = iphoneos;
				SUPPORTS_MAC_DESIGNED_FOR_IPHONE_IPAD = NO;
				TARGETED_DEVICE_FAMILY = "1,2";
			};
			name = Release;
		};
/* End XCBuildConfiguration section */

/* Begin XCConfigurationList section */
		43D85D944D56A226334B3C23 /* Build configuration list for PBXProject "SetCatcher" */ = {
			isa = XCConfigurationList;
			buildConfigurations = (
				A7A74E73FAA6DE8093A14890 /* Debug */,
				CA40121858841A6892650215 /* Release */,
			);
			defaultConfigurationIsVisible = 0;
			defaultConfigurationName = Debug;
		};
		6C23EB2363397328D36900A9 /* Build configuration list for PBXNativeTarget "SetCatcherShareExtension" */ = {
			isa = XCConfigurationList;
			buildConfigurations = (
				99E58B9C147382AE3FE39E89 /* Debug */,
				38446A1A0D5630B41B79EAD1 /* Release */,
			);
			defaultConfigurationIsVisible = 0;
			defaultConfigurationName = Debug;
		};
		C5D755BD657520DE8E6A3311 /* Build configuration list for PBXNativeTarget "SetCatcheriPad" */ = {
			isa = XCConfigurationList;
			buildConfigurations = (
				E0E7E7CEAA18B4ED16C4609A /* Debug */,
				EC731CA2EB079DE380121B91 /* Release */,
			);
			defaultConfigurationIsVisible = 0;
			defaultConfigurationName = Debug;
		};
/* End XCConfigurationList section */

/* Begin XCLocalSwiftPackageReference section */
		E5A924BE657B86BB0FA87E1E /* XCLocalSwiftPackageReference "." */ = {
			isa = XCLocalSwiftPackageReference;
			relativePath = .;
		};
/* End XCLocalSwiftPackageReference section */

/* Begin XCSwiftPackageProductDependency section */
		29C6DC329BCEF6EC3F5D9E33 /* SetCatcherCompanion */ = {
			isa = XCSwiftPackageProductDependency;
			productName = SetCatcherCompanion;
		};
		57F1CE4FBAE86586494EBA84 /* SetCatcherCore */ = {
			isa = XCSwiftPackageProductDependency;
			productName = SetCatcherCore;
		};
		8A965369A429094CB1EAF941 /* SetCatcherCompanion */ = {
			isa = XCSwiftPackageProductDependency;
			productName = SetCatcherCompanion;
		};
		F2811B90CC62C9A565962472 /* SetCatcherCore */ = {
			isa = XCSwiftPackageProductDependency;
			productName = SetCatcherCore;
		};
/* End XCSwiftPackageProductDependency section */
	};
	rootObject = DD2C3F1018F62D48A2460ACE /* Project object */;
}
